
Microsoft Visual Studio Solution File, Format Version 12.00
# Visual Studio Version 16
VisualStudioVersion = 16.0.30804.86
MinimumVisualStudioVersion = 15.0.26124.0
Project("{9A19103F-16F7-4668-BE54-9A1E7A4F7556}") = "H3VRModInstaller.Backend", "H3VRModInstaller.Backend\H3VRModInstaller.Backend.csproj", "{43F2F4A3-C2F2-4DEE-A9C9-ADA6601F396A}"
EndProject
Project("{9A19103F-16F7-4668-BE54-9A1E7A4F7556}") = "H3VRModInstaller.JSON", "H3VRModInstaller.JSON\H3VRModInstaller.JSON.csproj", "{ED823251-E971-4AD8-811A-768AC2CD63EA}"
EndProject
Project("{9A19103F-16F7-4668-BE54-9A1E7A4F7556}") = "H3VRModInstaller.GUI", "H3VRModInstaller.GUI\H3VRModInstaller.GUI.csproj", "{26A54777-94EC-40AA-BE9A-0F2BA64734EA}"
EndProject
Project("{FAE04EC0-301F-11D3-BF4B-00C04F79EFBC}") = "H3VRModInstaller.Forms", "H3VRModInstaller.Forms\H3VRModInstaller.Forms.csproj", "{DB6F7FFE-C8E4-4E54-BEA9-CB53245E330B}"
EndProject
Global
	GlobalSection(SolutionConfigurationPlatforms) = preSolution
		Debug|Any CPU = Debug|Any CPU
		Debug|x64 = Debug|x64
		Debug|x86 = Debug|x86
		OneFile|Any CPU = OneFile|Any CPU
		OneFile|x64 = OneFile|x64
		OneFile|x86 = OneFile|x86
		Release|Any CPU = Release|Any CPU
		Release|x64 = Release|x64
		Release|x86 = Release|x86
	EndGlobalSection
	GlobalSection(ProjectConfigurationPlatforms) = postSolution
		{43F2F4A3-C2F2-4DEE-A9C9-ADA6601F396A}.Debug|Any CPU.ActiveCfg = Debug|Any CPU
		{43F2F4A3-C2F2-4DEE-A9C9-ADA6601F396A}.Debug|Any CPU.Build.0 = Debug|Any CPU
		{43F2F4A3-C2F2-4DEE-A9C9-ADA6601F396A}.Debug|x64.ActiveCfg = OneFile|Any CPU
		{43F2F4A3-C2F2-4DEE-A9C9-ADA6601F396A}.Debug|x64.Build.0 = OneFile|Any CPU
		{43F2F4A3-C2F2-4DEE-A9C9-ADA6601F396A}.Debug|x86.ActiveCfg = Debug|Any CPU
		{43F2F4A3-C2F2-4DEE-A9C9-ADA6601F396A}.Debug|x86.Build.0 = Debug|Any CPU
		{43F2F4A3-C2F2-4DEE-A9C9-ADA6601F396A}.OneFile|Any CPU.ActiveCfg = OneFile|Any CPU
		{43F2F4A3-C2F2-4DEE-A9C9-ADA6601F396A}.OneFile|Any CPU.Build.0 = OneFile|Any CPU
		{43F2F4A3-C2F2-4DEE-A9C9-ADA6601F396A}.OneFile|x64.ActiveCfg = OneFile|x64
		{43F2F4A3-C2F2-4DEE-A9C9-ADA6601F396A}.OneFile|x64.Build.0 = OneFile|x64
		{43F2F4A3-C2F2-4DEE-A9C9-ADA6601F396A}.OneFile|x86.ActiveCfg = OneFile|Any CPU
		{43F2F4A3-C2F2-4DEE-A9C9-ADA6601F396A}.OneFile|x86.Build.0 = OneFile|Any CPU
		{43F2F4A3-C2F2-4DEE-A9C9-ADA6601F396A}.Release|Any CPU.ActiveCfg = Release|Any CPU
		{43F2F4A3-C2F2-4DEE-A9C9-ADA6601F396A}.Release|Any CPU.Build.0 = Release|Any CPU
		{43F2F4A3-C2F2-4DEE-A9C9-ADA6601F396A}.Release|x64.ActiveCfg = Release|Any CPU
		{43F2F4A3-C2F2-4DEE-A9C9-ADA6601F396A}.Release|x64.Build.0 = Release|Any CPU
		{43F2F4A3-C2F2-4DEE-A9C9-ADA6601F396A}.Release|x86.ActiveCfg = Release|Any CPU
		{43F2F4A3-C2F2-4DEE-A9C9-ADA6601F396A}.Release|x86.Build.0 = Release|Any CPU
		{ED823251-E971-4AD8-811A-768AC2CD63EA}.Debug|Any CPU.ActiveCfg = Debug|Any CPU
		{ED823251-E971-4AD8-811A-768AC2CD63EA}.Debug|Any CPU.Build.0 = Debug|Any CPU
		{ED823251-E971-4AD8-811A-768AC2CD63EA}.Debug|x64.ActiveCfg = Debug|Any CPU
		{ED823251-E971-4AD8-811A-768AC2CD63EA}.Debug|x64.Build.0 = Debug|Any CPU
		{ED823251-E971-4AD8-811A-768AC2CD63EA}.Debug|x86.ActiveCfg = Debug|Any CPU
		{ED823251-E971-4AD8-811A-768AC2CD63EA}.Debug|x86.Build.0 = Debug|Any CPU
		{ED823251-E971-4AD8-811A-768AC2CD63EA}.OneFile|Any CPU.ActiveCfg = Debug|Any CPU
		{ED823251-E971-4AD8-811A-768AC2CD63EA}.OneFile|Any CPU.Build.0 = Debug|Any CPU
		{ED823251-E971-4AD8-811A-768AC2CD63EA}.OneFile|x64.ActiveCfg = Debug|Any CPU
		{ED823251-E971-4AD8-811A-768AC2CD63EA}.OneFile|x64.Build.0 = Debug|Any CPU
		{ED823251-E971-4AD8-811A-768AC2CD63EA}.OneFile|x86.ActiveCfg = Debug|Any CPU
		{ED823251-E971-4AD8-811A-768AC2CD63EA}.OneFile|x86.Build.0 = Debug|Any CPU
		{ED823251-E971-4AD8-811A-768AC2CD63EA}.Release|Any CPU.ActiveCfg = Release|Any CPU
		{ED823251-E971-4AD8-811A-768AC2CD63EA}.Release|Any CPU.Build.0 = Release|Any CPU
		{ED823251-E971-4AD8-811A-768AC2CD63EA}.Release|x64.ActiveCfg = Release|Any CPU
		{ED823251-E971-4AD8-811A-768AC2CD63EA}.Release|x64.Build.0 = Release|Any CPU
		{ED823251-E971-4AD8-811A-768AC2CD63EA}.Release|x86.ActiveCfg = Release|Any CPU
		{ED823251-E971-4AD8-811A-768AC2CD63EA}.Release|x86.Build.0 = Release|Any CPU
		{26A54777-94EC-40AA-BE9A-0F2BA64734EA}.Debug|Any CPU.ActiveCfg = Debug|Any CPU
		{26A54777-94EC-40AA-BE9A-0F2BA64734EA}.Debug|Any CPU.Build.0 = Debug|Any CPU
		{26A54777-94EC-40AA-BE9A-0F2BA64734EA}.Debug|x64.ActiveCfg = Debug|Any CPU
		{26A54777-94EC-40AA-BE9A-0F2BA64734EA}.Debug|x64.Build.0 = Debug|Any CPU
		{26A54777-94EC-40AA-BE9A-0F2BA64734EA}.Debug|x86.ActiveCfg = Debug|Any CPU
		{26A54777-94EC-40AA-BE9A-0F2BA64734EA}.Debug|x86.Build.0 = Debug|Any CPU
		{26A54777-94EC-40AA-BE9A-0F2BA64734EA}.OneFile|Any CPU.ActiveCfg = Debug|Any CPU
		{26A54777-94EC-40AA-BE9A-0F2BA64734EA}.OneFile|Any CPU.Build.0 = Debug|Any CPU
		{26A54777-94EC-40AA-BE9A-0F2BA64734EA}.OneFile|x64.ActiveCfg = Debug|Any CPU
		{26A54777-94EC-40AA-BE9A-0F2BA64734EA}.OneFile|x64.Build.0 = Debug|Any CPU
		{26A54777-94EC-40AA-BE9A-0F2BA64734EA}.OneFile|x86.ActiveCfg = Debug|Any CPU
		{26A54777-94EC-40AA-BE9A-0F2BA64734EA}.OneFile|x86.Build.0 = Debug|Any CPU
		{26A54777-94EC-40AA-BE9A-0F2BA64734EA}.Release|Any CPU.ActiveCfg = Release|Any CPU
		{26A54777-94EC-40AA-BE9A-0F2BA64734EA}.Release|Any CPU.Build.0 = Release|Any CPU
		{26A54777-94EC-40AA-BE9A-0F2BA64734EA}.Release|x64.ActiveCfg = Release|Any CPU
		{26A54777-94EC-40AA-BE9A-0F2BA64734EA}.Release|x64.Build.0 = Release|Any CPU
		{26A54777-94EC-40AA-BE9A-0F2BA64734EA}.Release|x86.ActiveCfg = Release|Any CPU
		{26A54777-94EC-40AA-BE9A-0F2BA64734EA}.Release|x86.Build.0 = Release|Any CPU
		{DB6F7FFE-C8E4-4E54-BEA9-CB53245E330B}.Debug|Any CPU.ActiveCfg = Debug|Any CPU
		{DB6F7FFE-C8E4-4E54-BEA9-CB53245E330B}.Debug|Any CPU.Build.0 = Debug|Any CPU
		{DB6F7FFE-C8E4-4E54-BEA9-CB53245E330B}.Debug|x64.ActiveCfg = Debug|Any CPU
		{DB6F7FFE-C8E4-4E54-BEA9-CB53245E330B}.Debug|x64.Build.0 = Debug|Any CPU
		{DB6F7FFE-C8E4-4E54-BEA9-CB53245E330B}.Debug|x86.ActiveCfg = Debug|Any CPU
		{DB6F7FFE-C8E4-4E54-BEA9-CB53245E330B}.Debug|x86.Build.0 = Debug|Any CPU
		{DB6F7FFE-C8E4-4E54-BEA9-CB53245E330B}.OneFile|Any CPU.ActiveCfg = Debug|Any CPU
		{DB6F7FFE-C8E4-4E54-BEA9-CB53245E330B}.OneFile|Any CPU.Build.0 = Debug|Any CPU
		{DB6F7FFE-C8E4-4E54-BEA9-CB53245E330B}.OneFile|x64.ActiveCfg = Debug|Any CPU
		{DB6F7FFE-C8E4-4E54-BEA9-CB53245E330B}.OneFile|x64.Build.0 = Debug|Any CPU
		{DB6F7FFE-C8E4-4E54-BEA9-CB53245E330B}.OneFile|x86.ActiveCfg = Debug|Any CPU
		{DB6F7FFE-C8E4-4E54-BEA9-CB53245E330B}.OneFile|x86.Build.0 = Debug|Any CPU
		{DB6F7FFE-C8E4-4E54-BEA9-CB53245E330B}.Release|Any CPU.ActiveCfg = Release|Any CPU
		{DB6F7FFE-C8E4-4E54-BEA9-CB53245E330B}.Release|Any CPU.Build.0 = Release|Any CPU
		{DB6F7FFE-C8E4-4E54-BEA9-CB53245E330B}.Release|x64.ActiveCfg = Release|Any CPU
		{DB6F7FFE-C8E4-4E54-BEA9-CB53245E330B}.Release|x64.Build.0 = Release|Any CPU
		{DB6F7FFE-C8E4-4E54-BEA9-CB53245E330B}.Release|x86.ActiveCfg = Release|Any CPU
		{DB6F7FFE-C8E4-4E54-BEA9-CB53245E330B}.Release|x86.Build.0 = Release|Any CPU
	EndGlobalSection
	GlobalSection(SolutionProperties) = preSolution
		HideSolutionNode = FALSE
	EndGlobalSection
	GlobalSection(ExtensibilityGlobals) = postSolution
		SolutionGuid = {E47134C4-5477-4A8B-9B4C-AC0DFB6CCD5C}
	EndGlobalSection
EndGlobal
